
Microsoft Visual Studio Solution File, Format Version 12.00
Project("{FAE04EC0-301F-11D3-BF4B-00C04F79EFBC}") = "People", "People\People.csproj", "{C49B0AFD-DC9F-4925-BB1E-1CFA21D9AA53}"
EndProject
Project("{FAE04EC0-301F-11D3-BF4B-00C04F79EFBC}") = "PeopleTests", "PeopleTests\PeopleTests.csproj", "{B4C2673B-52C7-4657-8B3D-26FD2E419F71}"
EndProject
Global
	GlobalSection(SolutionConfigurationPlatforms) = preSolution
		Debug|Any CPU = Debug|Any CPU
		Release|Any CPU = Release|Any CPU
	EndGlobalSection
	GlobalSection(ProjectConfigurationPlatforms) = postSolution
		{C49B0AFD-DC9F-4925-BB1E-1CFA21D9AA53}.Debug|Any CPU.ActiveCfg = Debug|Any CPU
		{C49B0AFD-DC9F-4925-BB1E-1CFA21D9AA53}.Debug|Any CPU.Build.0 = Debug|Any CPU
		{C49B0AFD-DC9F-4925-BB1E-1CFA21D9AA53}.Release|Any CPU.ActiveCfg = Release|Any CPU
		{C49B0AFD-DC9F-4925-BB1E-1CFA21D9AA53}.Release|Any CPU.Build.0 = Release|Any CPU
		{B4C2673B-52C7-4657-8B3D-26FD2E419F71}.Debug|Any CPU.ActiveCfg = Debug|Any CPU
		{B4C2673B-52C7-4657-8B3D-26FD2E419F71}.Debug|Any CPU.Build.0 = Debug|Any CPU
		{B4C2673B-52C7-4657-8B3D-26FD2E419F71}.Release|Any CPU.ActiveCfg = Release|Any CPU
		{B4C2673B-52C7-4657-8B3D-26FD2E419F71}.Release|Any CPU.Build.0 = Release|Any CPU
	EndGlobalSection
EndGlobal
