
Microsoft Visual Studio Solution File, Format Version 12.00
Project("{FAE04EC0-301F-11D3-BF4B-00C04F79EFBC}") = "Rentals", "Rentals\Rentals.csproj", "{C36B06C1-2737-462D-847C-4F938DF6AAE9}"
EndProject
Global
	GlobalSection(SolutionConfigurationPlatforms) = preSolution
		Debug|Any CPU = Debug|Any CPU
		Release|Any CPU = Release|Any CPU
	EndGlobalSection
	GlobalSection(ProjectConfigurationPlatforms) = postSolution
		{C36B06C1-2737-462D-847C-4F938DF6AAE9}.Debug|Any CPU.ActiveCfg = Debug|Any CPU
		{C36B06C1-2737-462D-847C-4F938DF6AAE9}.Debug|Any CPU.Build.0 = Debug|Any CPU
		{C36B06C1-2737-462D-847C-4F938DF6AAE9}.Release|Any CPU.ActiveCfg = Release|Any CPU
		{C36B06C1-2737-462D-847C-4F938DF6AAE9}.Release|Any CPU.Build.0 = Release|Any CPU
	EndGlobalSection
EndGlobal
